
Microsoft Visual Studio Solution File, Format Version 12.00
Project("{8BC9CEB8-8B4A-11D0-8D11-00A0C91BC942}") = "SnakeConsole", "SnakeConsole\SnakeConsole.vcxproj", "{A16258A3-9BBC-4770-96B3-A443E1BB3E5C}"
EndProject
Global
	GlobalSection(SolutionConfigurationPlatforms) = preSolution
		Debug|Win32 = Debug|Win32
		Debug|x64 = Debug|x64
		Release|Win32 = Release|Win32
		Release|x64 = Release|x64
	EndGlobalSection
	GlobalSection(ProjectConfigurationPlatforms) = postSolution
		{A16258A3-9BBC-4770-96B3-A443E1BB3E5C}.Debug|Win32.ActiveCfg = Debug|Win32
		{A16258A3-9BBC-4770-96B3-A443E1BB3E5C}.Debug|Win32.Build.0 = Debug|Win32
		{A16258A3-9BBC-4770-96B3-A443E1BB3E5C}.Debug|x64.ActiveCfg = Debug|x64
		{A16258A3-9BBC-4770-96B3-A443E1BB3E5C}.Debug|x64.Build.0 = Debug|x64
		{A16258A3-9BBC-4770-96B3-A443E1BB3E5C}.Release|Win32.ActiveCfg = Release|Win32
		{A16258A3-9BBC-4770-96B3-A443E1BB3E5C}.Release|Win32.Build.0 = Release|Win32
		{A16258A3-9BBC-4770-96B3-A443E1BB3E5C}.Release|x64.ActiveCfg = Release|x64
		{A16258A3-9BBC-4770-96B3-A443E1BB3E5C}.Release|x64.Build.0 = Release|x64
	EndGlobalSection
EndGlobal
